
Microsoft Visual Studio Solution File, Format Version 12.00
# Visual Studio Version 17
VisualStudioVersion = 17.3.32825.248
MinimumVisualStudioVersion = 10.0.40219.1
Project("{9A19103F-16F7-4668-BE54-9A1E7A4F7556}") = "CoupDeSonde", "CoupDeSonde\CoupDeSonde.csproj", "{4B620868-8F95-4626-83EA-06AE18A0C298}"
EndProject
Project("{FAE04EC0-301F-11D3-BF4B-00C04F79EFBC}") = "UnitTests", "UnitTests\UnitTests.csproj", "{65332408-A5B9-4C28-A3A8-7FE279FEA3F4}"
EndProject
Global
	GlobalSection(SolutionConfigurationPlatforms) = preSolution
		Debug|Any CPU = Debug|Any CPU
		Release|Any CPU = Release|Any CPU
	EndGlobalSection
	GlobalSection(ProjectConfigurationPlatforms) = postSolution
		{4B620868-8F95-4626-83EA-06AE18A0C298}.Debug|Any CPU.ActiveCfg = Debug|Any CPU
		{4B620868-8F95-4626-83EA-06AE18A0C298}.Debug|Any CPU.Build.0 = Debug|Any CPU
		{4B620868-8F95-4626-83EA-06AE18A0C298}.Release|Any CPU.ActiveCfg = Release|Any CPU
		{4B620868-8F95-4626-83EA-06AE18A0C298}.Release|Any CPU.Build.0 = Release|Any CPU
		{65332408-A5B9-4C28-A3A8-7FE279FEA3F4}.Debug|Any CPU.ActiveCfg = Debug|Any CPU
		{65332408-A5B9-4C28-A3A8-7FE279FEA3F4}.Debug|Any CPU.Build.0 = Debug|Any CPU
		{65332408-A5B9-4C28-A3A8-7FE279FEA3F4}.Release|Any CPU.ActiveCfg = Release|Any CPU
		{65332408-A5B9-4C28-A3A8-7FE279FEA3F4}.Release|Any CPU.Build.0 = Release|Any CPU
	EndGlobalSection
	GlobalSection(SolutionProperties) = preSolution
		HideSolutionNode = FALSE
	EndGlobalSection
	GlobalSection(ExtensibilityGlobals) = postSolution
		SolutionGuid = {8082D9DF-840C-4B96-BFC4-82A569F09A71}
	EndGlobalSection
EndGlobal
