
Microsoft Visual Studio Solution File, Format Version 12.00
# Visual Studio Version 16
VisualStudioVersion = 16.0.31129.286
MinimumVisualStudioVersion = 10.0.40219.1
Project("{FAE04EC0-301F-11D3-BF4B-00C04F79EFBC}") = "S8APP1", "S8APP1.csproj", "{08CA3A0F-F0A6-489A-B0F6-113DC84221F1}"
EndProject
Global
	GlobalSection(SolutionConfigurationPlatforms) = preSolution
		Debug|Any CPU = Debug|Any CPU
		Release|Any CPU = Release|Any CPU
	EndGlobalSection
	GlobalSection(ProjectConfigurationPlatforms) = postSolution
		{08CA3A0F-F0A6-489A-B0F6-113DC84221F1}.Debug|Any CPU.ActiveCfg = Debug|Any CPU
		{08CA3A0F-F0A6-489A-B0F6-113DC84221F1}.Debug|Any CPU.Build.0 = Debug|Any CPU
		{08CA3A0F-F0A6-489A-B0F6-113DC84221F1}.Release|Any CPU.ActiveCfg = Release|Any CPU
		{08CA3A0F-F0A6-489A-B0F6-113DC84221F1}.Release|Any CPU.Build.0 = Release|Any CPU
	EndGlobalSection
	GlobalSection(SolutionProperties) = preSolution
		HideSolutionNode = FALSE
	EndGlobalSection
	GlobalSection(ExtensibilityGlobals) = postSolution
		SolutionGuid = {8082D9DF-840C-4B96-BFC4-82A569F09A71}
	EndGlobalSection
EndGlobal
